// !$*UTF8*$!
{
	archiveVersion = 1;
	classes = {
	};
	objectVersion = 56;
	objects = {

/* Begin PBXBuildFile section */
		A4773A682B8F673F00310F6D /* AppDelegate.swift in Sources */ = {isa = PBXBuildFile; fileRef = A4773A672B8F673F00310F6D /* AppDelegate.swift */; };
		A4773A6A2B8F673F00310F6D /* SceneDelegate.swift in Sources */ = {isa = PBXBuildFile; fileRef = A4773A692B8F673F00310F6D /* SceneDelegate.swift */; };
		A4773A6C2B8F673F00310F6D /* ViewController.swift in Sources */ = {isa = PBXBuildFile; fileRef = A4773A6B2B8F673F00310F6D /* ViewController.swift */; };
		A4773A6F2B8F673F00310F6D /* Main.storyboard in Resources */ = {isa = PBXBuildFile; fileRef = A4773A6D2B8F673F00310F6D /* Main.storyboard */; };
		A4773A712B8F674900310F6D /* Assets.xcassets in Resources */ = {isa = PBXBuildFile; fileRef = A4773A702B8F674900310F6D /* Assets.xcassets */; };
		A4773A742B8F674900310F6D /* LaunchScreen.storyboard in Resources */ = {isa = PBXBuildFile; fileRef = A4773A722B8F674900310F6D /* LaunchScreen.storyboard */; };
		A4773A7C2B8F690100310F6D /* TabBarViewController.swift in Sources */ = {isa = PBXBuildFile; fileRef = A4773A7B2B8F690100310F6D /* TabBarViewController.swift */; };
		A4773A832B8F72ED00310F6D /* HomeViewController.swift in Sources */ = {isa = PBXBuildFile; fileRef = A4773A822B8F72ED00310F6D /* HomeViewController.swift */; };
		A4773A852B8F72FD00310F6D /* HomeViewModel.swift in Sources */ = {isa = PBXBuildFile; fileRef = A4773A842B8F72FD00310F6D /* HomeViewModel.swift */; };
		A4773A882B8F735F00310F6D /* FavoriteViewController.swift in Sources */ = {isa = PBXBuildFile; fileRef = A4773A872B8F735F00310F6D /* FavoriteViewController.swift */; };
		A4773A8A2B8F736F00310F6D /* FavoriteViewModel.swift in Sources */ = {isa = PBXBuildFile; fileRef = A4773A892B8F736F00310F6D /* FavoriteViewModel.swift */; };
		A4773A8D2B8F739400310F6D /* MoreViewModel.swift in Sources */ = {isa = PBXBuildFile; fileRef = A4773A8C2B8F739400310F6D /* MoreViewModel.swift */; };
		A4773A8F2B8F73A500310F6D /* MoreViewController.swift in Sources */ = {isa = PBXBuildFile; fileRef = A4773A8E2B8F73A500310F6D /* MoreViewController.swift */; };
		A4773A992B8F7D6400310F6D /* NetworkHelper.swift in Sources */ = {isa = PBXBuildFile; fileRef = A4773A942B8F7D6400310F6D /* NetworkHelper.swift */; };
		A4773A9A2B8F7D6400310F6D /* NetworkManager.swift in Sources */ = {isa = PBXBuildFile; fileRef = A4773A952B8F7D6400310F6D /* NetworkManager.swift */; };
		A4773A9B2B8F7D6400310F6D /* MovieHelper.swift in Sources */ = {isa = PBXBuildFile; fileRef = A4773A972B8F7D6400310F6D /* MovieHelper.swift */; };
		A4773A9C2B8F7D6400310F6D /* MovieManager.swift in Sources */ = {isa = PBXBuildFile; fileRef = A4773A982B8F7D6400310F6D /* MovieManager.swift */; };
		A4F55BBA2B90AB4A00CFD4C8 /* PopularMovieModel.swift in Sources */ = {isa = PBXBuildFile; fileRef = A4F55BB92B90AB4A00CFD4C8 /* PopularMovieModel.swift */; };
		A4F55BBE2B90E7F600CFD4C8 /* MovieCollectionCell.swift in Sources */ = {isa = PBXBuildFile; fileRef = A4F55BBC2B90E7F600CFD4C8 /* MovieCollectionCell.swift */; };
		A4F55BBF2B90E7F600CFD4C8 /* MovieCollectionCell.xib in Resources */ = {isa = PBXBuildFile; fileRef = A4F55BBD2B90E7F600CFD4C8 /* MovieCollectionCell.xib */; };
		A4F55BC52B920B2300CFD4C8 /* MovieCell.swift in Sources */ = {isa = PBXBuildFile; fileRef = A4F55BC32B920B2300CFD4C8 /* MovieCell.swift */; };
		A4F55BC62B920B2300CFD4C8 /* MovieCell.xib in Resources */ = {isa = PBXBuildFile; fileRef = A4F55BC42B920B2300CFD4C8 /* MovieCell.xib */; };
		A4F55BC82B92224B00CFD4C8 /* Extensions.swift in Sources */ = {isa = PBXBuildFile; fileRef = A4F55BC72B92224B00CFD4C8 /* Extensions.swift */; };
/* End PBXBuildFile section */

/* Begin PBXFileReference section */
		A4773A642B8F673F00310F6D /* MovieApp.app */ = {isa = PBXFileReference; explicitFileType = wrapper.application; includeInIndex = 0; path = MovieApp.app; sourceTree = BUILT_PRODUCTS_DIR; };
		A4773A672B8F673F00310F6D /* AppDelegate.swift */ = {isa = PBXFileReference; lastKnownFileType = sourcecode.swift; path = AppDelegate.swift; sourceTree = "<group>"; };
		A4773A692B8F673F00310F6D /* SceneDelegate.swift */ = {isa = PBXFileReference; lastKnownFileType = sourcecode.swift; path = SceneDelegate.swift; sourceTree = "<group>"; };
		A4773A6B2B8F673F00310F6D /* ViewController.swift */ = {isa = PBXFileReference; lastKnownFileType = sourcecode.swift; path = ViewController.swift; sourceTree = "<group>"; };
		A4773A6E2B8F673F00310F6D /* Base */ = {isa = PBXFileReference; lastKnownFileType = file.storyboard; name = Base; path = Base.lproj/Main.storyboard; sourceTree = "<group>"; };
		A4773A702B8F674900310F6D /* Assets.xcassets */ = {isa = PBXFileReference; lastKnownFileType = folder.assetcatalog; path = Assets.xcassets; sourceTree = "<group>"; };
		A4773A732B8F674900310F6D /* Base */ = {isa = PBXFileReference; lastKnownFileType = file.storyboard; name = Base; path = Base.lproj/LaunchScreen.storyboard; sourceTree = "<group>"; };
		A4773A752B8F674900310F6D /* Info.plist */ = {isa = PBXFileReference; lastKnownFileType = text.plist.xml; path = Info.plist; sourceTree = "<group>"; };
		A4773A7B2B8F690100310F6D /* TabBarViewController.swift */ = {isa = PBXFileReference; lastKnownFileType = sourcecode.swift; path = TabBarViewController.swift; sourceTree = "<group>"; };
		A4773A822B8F72ED00310F6D /* HomeViewController.swift */ = {isa = PBXFileReference; lastKnownFileType = sourcecode.swift; path = HomeViewController.swift; sourceTree = "<group>"; };
		A4773A842B8F72FD00310F6D /* HomeViewModel.swift */ = {isa = PBXFileReference; lastKnownFileType = sourcecode.swift; path = HomeViewModel.swift; sourceTree = "<group>"; };
		A4773A872B8F735F00310F6D /* FavoriteViewController.swift */ = {isa = PBXFileReference; lastKnownFileType = sourcecode.swift; path = FavoriteViewController.swift; sourceTree = "<group>"; };
		A4773A892B8F736F00310F6D /* FavoriteViewModel.swift */ = {isa = PBXFileReference; lastKnownFileType = sourcecode.swift; path = FavoriteViewModel.swift; sourceTree = "<group>"; };
		A4773A8C2B8F739400310F6D /* MoreViewModel.swift */ = {isa = PBXFileReference; lastKnownFileType = sourcecode.swift; path = MoreViewModel.swift; sourceTree = "<group>"; };
		A4773A8E2B8F73A500310F6D /* MoreViewController.swift */ = {isa = PBXFileReference; lastKnownFileType = sourcecode.swift; path = MoreViewController.swift; sourceTree = "<group>"; };
		A4773A942B8F7D6400310F6D /* NetworkHelper.swift */ = {isa = PBXFileReference; fileEncoding = 4; lastKnownFileType = sourcecode.swift; path = NetworkHelper.swift; sourceTree = "<group>"; };
		A4773A952B8F7D6400310F6D /* NetworkManager.swift */ = {isa = PBXFileReference; fileEncoding = 4; lastKnownFileType = sourcecode.swift; path = NetworkManager.swift; sourceTree = "<group>"; };
		A4773A972B8F7D6400310F6D /* MovieHelper.swift */ = {isa = PBXFileReference; fileEncoding = 4; lastKnownFileType = sourcecode.swift; path = MovieHelper.swift; sourceTree = "<group>"; };
		A4773A982B8F7D6400310F6D /* MovieManager.swift */ = {isa = PBXFileReference; fileEncoding = 4; lastKnownFileType = sourcecode.swift; path = MovieManager.swift; sourceTree = "<group>"; };
		A4F55BB92B90AB4A00CFD4C8 /* PopularMovieModel.swift */ = {isa = PBXFileReference; lastKnownFileType = sourcecode.swift; path = PopularMovieModel.swift; sourceTree = "<group>"; };
		A4F55BBC2B90E7F600CFD4C8 /* MovieCollectionCell.swift */ = {isa = PBXFileReference; lastKnownFileType = sourcecode.swift; path = MovieCollectionCell.swift; sourceTree = "<group>"; };
		A4F55BBD2B90E7F600CFD4C8 /* MovieCollectionCell.xib */ = {isa = PBXFileReference; lastKnownFileType = file.xib; path = MovieCollectionCell.xib; sourceTree = "<group>"; };
		A4F55BC32B920B2300CFD4C8 /* MovieCell.swift */ = {isa = PBXFileReference; lastKnownFileType = sourcecode.swift; path = MovieCell.swift; sourceTree = "<group>"; };
		A4F55BC42B920B2300CFD4C8 /* MovieCell.xib */ = {isa = PBXFileReference; lastKnownFileType = file.xib; path = MovieCell.xib; sourceTree = "<group>"; };
		A4F55BC72B92224B00CFD4C8 /* Extensions.swift */ = {isa = PBXFileReference; lastKnownFileType = sourcecode.swift; path = Extensions.swift; sourceTree = "<group>"; };
/* End PBXFileReference section */

/* Begin PBXFrameworksBuildPhase section */
		A4773A612B8F673F00310F6D /* Frameworks */ = {
			isa = PBXFrameworksBuildPhase;
			buildActionMask = 2147483647;
			files = (
			);
			runOnlyForDeploymentPostprocessing = 0;
		};
/* End PBXFrameworksBuildPhase section */

/* Begin PBXGroup section */
		A4773A5B2B8F673F00310F6D = {
			isa = PBXGroup;
			children = (
				A4773A662B8F673F00310F6D /* MovieApp */,
				A4773A652B8F673F00310F6D /* Products */,
			);
			sourceTree = "<group>";
		};
		A4773A652B8F673F00310F6D /* Products */ = {
			isa = PBXGroup;
			children = (
				A4773A642B8F673F00310F6D /* MovieApp.app */,
			);
			name = Products;
			sourceTree = "<group>";
		};
		A4773A662B8F673F00310F6D /* MovieApp */ = {
			isa = PBXGroup;
			children = (
				A4773A672B8F673F00310F6D /* AppDelegate.swift */,
				A4773A692B8F673F00310F6D /* SceneDelegate.swift */,
				A4773A6B2B8F673F00310F6D /* ViewController.swift */,
				A4F55BC92B9222F300CFD4C8 /* BusinessLayer */,
				A4773A922B8F7D6400310F6D /* NetworkLayer */,
				A4F55BCA2B92231300CFD4C8 /* Helpers */,
				A4773A702B8F674900310F6D /* Assets.xcassets */,
				A4773A722B8F674900310F6D /* LaunchScreen.storyboard */,
				A4773A752B8F674900310F6D /* Info.plist */,
			);
			path = MovieApp;
			sourceTree = "<group>";
		};
		A4773A7D2B8F721B00310F6D /* Model */ = {
			isa = PBXGroup;
			children = (
				A4F55BB92B90AB4A00CFD4C8 /* PopularMovieModel.swift */,
			);
			path = Model;
			sourceTree = "<group>";
		};
		A4773A7E2B8F722F00310F6D /* View */ = {
			isa = PBXGroup;
			children = (
				A4F55BC02B9208C400CFD4C8 /* Stroryboards */,
				A4F55BBB2B90E7C500CFD4C8 /* Cells */,
			);
			path = View;
			sourceTree = "<group>";
		};
		A4773A7F2B8F723900310F6D /* ViewModel */ = {
			isa = PBXGroup;
			children = (
				A4773A802B8F72A600310F6D /* Root */,
				A4773A812B8F72B300310F6D /* Home */,
				A4773A862B8F734700310F6D /* Favorite */,
				A4773A8B2B8F737600310F6D /* More */,
			);
			path = ViewModel;
			sourceTree = "<group>";
		};
		A4773A802B8F72A600310F6D /* Root */ = {
			isa = PBXGroup;
			children = (
				A4773A7B2B8F690100310F6D /* TabBarViewController.swift */,
			);
			path = Root;
			sourceTree = "<group>";
		};
		A4773A812B8F72B300310F6D /* Home */ = {
			isa = PBXGroup;
			children = (
				A4773A822B8F72ED00310F6D /* HomeViewController.swift */,
				A4773A842B8F72FD00310F6D /* HomeViewModel.swift */,
			);
			path = Home;
			sourceTree = "<group>";
		};
		A4773A862B8F734700310F6D /* Favorite */ = {
			isa = PBXGroup;
			children = (
				A4773A872B8F735F00310F6D /* FavoriteViewController.swift */,
				A4773A892B8F736F00310F6D /* FavoriteViewModel.swift */,
			);
			path = Favorite;
			sourceTree = "<group>";
		};
		A4773A8B2B8F737600310F6D /* More */ = {
			isa = PBXGroup;
			children = (
				A4773A8E2B8F73A500310F6D /* MoreViewController.swift */,
				A4773A8C2B8F739400310F6D /* MoreViewModel.swift */,
			);
			path = More;
			sourceTree = "<group>";
		};
		A4773A922B8F7D6400310F6D /* NetworkLayer */ = {
			isa = PBXGroup;
			children = (
				A4773A932B8F7D6400310F6D /* Core */,
				A4773A962B8F7D6400310F6D /* Movie */,
			);
			path = NetworkLayer;
			sourceTree = "<group>";
		};
		A4773A932B8F7D6400310F6D /* Core */ = {
			isa = PBXGroup;
			children = (
				A4773A942B8F7D6400310F6D /* NetworkHelper.swift */,
				A4773A952B8F7D6400310F6D /* NetworkManager.swift */,
			);
			path = Core;
			sourceTree = "<group>";
		};
		A4773A962B8F7D6400310F6D /* Movie */ = {
			isa = PBXGroup;
			children = (
				A4773A972B8F7D6400310F6D /* MovieHelper.swift */,
				A4773A982B8F7D6400310F6D /* MovieManager.swift */,
			);
			path = Movie;
			sourceTree = "<group>";
		};
		A4F55BBB2B90E7C500CFD4C8 /* Cells */ = {
			isa = PBXGroup;
			children = (
				A4F55BC12B920AF100CFD4C8 /* MovieCollectionCelll */,
				A4F55BC22B920B0A00CFD4C8 /* MovieCell */,
			);
			path = Cells;
			sourceTree = "<group>";
		};
		A4F55BC02B9208C400CFD4C8 /* Stroryboards */ = {
			isa = PBXGroup;
			children = (
				A4773A6D2B8F673F00310F6D /* Main.storyboard */,
			);
			path = Stroryboards;
			sourceTree = "<group>";
		};
		A4F55BC12B920AF100CFD4C8 /* MovieCollectionCelll */ = {
			isa = PBXGroup;
			children = (
				A4F55BBC2B90E7F600CFD4C8 /* MovieCollectionCell.swift */,
				A4F55BBD2B90E7F600CFD4C8 /* MovieCollectionCell.xib */,
			);
			path = MovieCollectionCelll;
			sourceTree = "<group>";
		};
		A4F55BC22B920B0A00CFD4C8 /* MovieCell */ = {
			isa = PBXGroup;
			children = (
				A4F55BC32B920B2300CFD4C8 /* MovieCell.swift */,
				A4F55BC42B920B2300CFD4C8 /* MovieCell.xib */,
			);
			path = MovieCell;
			sourceTree = "<group>";
		};
		A4F55BC92B9222F300CFD4C8 /* BusinessLayer */ = {
			isa = PBXGroup;
			children = (
				A4773A7D2B8F721B00310F6D /* Model */,
				A4773A7E2B8F722F00310F6D /* View */,
				A4773A7F2B8F723900310F6D /* ViewModel */,
			);
			path = BusinessLayer;
			sourceTree = "<group>";
		};
		A4F55BCA2B92231300CFD4C8 /* Helpers */ = {
			isa = PBXGroup;
			children = (
				A4F55BC72B92224B00CFD4C8 /* Extensions.swift */,
			);
			path = Helpers;
			sourceTree = "<group>";
		};
/* End PBXGroup section */

/* Begin PBXNativeTarget section */
		A4773A632B8F673F00310F6D /* MovieApp */ = {
			isa = PBXNativeTarget;
			buildConfigurationList = A4773A782B8F674900310F6D /* Build configuration list for PBXNativeTarget "MovieApp" */;
			buildPhases = (
				A4773A602B8F673F00310F6D /* Sources */,
				A4773A612B8F673F00310F6D /* Frameworks */,
				A4773A622B8F673F00310F6D /* Resources */,
			);
			buildRules = (
			);
			dependencies = (
			);
			name = MovieApp;
			productName = MovieApp;
			productReference = A4773A642B8F673F00310F6D /* MovieApp.app */;
			productType = "com.apple.product-type.application";
		};
/* End PBXNativeTarget section */

/* Begin PBXProject section */
		A4773A5C2B8F673F00310F6D /* Project object */ = {
			isa = PBXProject;
			attributes = {
				BuildIndependentTargetsInParallel = 1;
				LastSwiftUpdateCheck = 1500;
				LastUpgradeCheck = 1500;
				TargetAttributes = {
					A4773A632B8F673F00310F6D = {
						CreatedOnToolsVersion = 15.0.1;
					};
				};
			};
			buildConfigurationList = A4773A5F2B8F673F00310F6D /* Build configuration list for PBXProject "MovieApp" */;
			compatibilityVersion = "Xcode 14.0";
			developmentRegion = en;
			hasScannedForEncodings = 0;
			knownRegions = (
				en,
				Base,
			);
			mainGroup = A4773A5B2B8F673F00310F6D;
			productRefGroup = A4773A652B8F673F00310F6D /* Products */;
			projectDirPath = "";
			projectRoot = "";
			targets = (
				A4773A632B8F673F00310F6D /* MovieApp */,
			);
		};
/* End PBXProject section */

/* Begin PBXResourcesBuildPhase section */
		A4773A622B8F673F00310F6D /* Resources */ = {
			isa = PBXResourcesBuildPhase;
			buildActionMask = 2147483647;
			files = (
				A4F55BBF2B90E7F600CFD4C8 /* MovieCollectionCell.xib in Resources */,
				A4773A742B8F674900310F6D /* LaunchScreen.storyboard in Resources */,
				A4773A712B8F674900310F6D /* Assets.xcassets in Resources */,
				A4773A6F2B8F673F00310F6D /* Main.storyboard in Resources */,
				A4F55BC62B920B2300CFD4C8 /* MovieCell.xib in Resources */,
			);
			runOnlyForDeploymentPostprocessing = 0;
		};
/* End PBXResourcesBuildPhase section */

/* Begin PBXSourcesBuildPhase section */
		A4773A602B8F673F00310F6D /* Sources */ = {
			isa = PBXSourcesBuildPhase;
			buildActionMask = 2147483647;
			files = (
				A4F55BBE2B90E7F600CFD4C8 /* MovieCollectionCell.swift in Sources */,
				A4F55BC82B92224B00CFD4C8 /* Extensions.swift in Sources */,
				A4F55BC52B920B2300CFD4C8 /* MovieCell.swift in Sources */,
				A4773A9B2B8F7D6400310F6D /* MovieHelper.swift in Sources */,
				A4773A9A2B8F7D6400310F6D /* NetworkManager.swift in Sources */,
				A4773A8D2B8F739400310F6D /* MoreViewModel.swift in Sources */,
				A4773A9C2B8F7D6400310F6D /* MovieManager.swift in Sources */,
				A4773A832B8F72ED00310F6D /* HomeViewController.swift in Sources */,
				A4773A852B8F72FD00310F6D /* HomeViewModel.swift in Sources */,
				A4773A7C2B8F690100310F6D /* TabBarViewController.swift in Sources */,
				A4773A992B8F7D6400310F6D /* NetworkHelper.swift in Sources */,
				A4773A882B8F735F00310F6D /* FavoriteViewController.swift in Sources */,
				A4F55BBA2B90AB4A00CFD4C8 /* PopularMovieModel.swift in Sources */,
				A4773A8F2B8F73A500310F6D /* MoreViewController.swift in Sources */,
				A4773A6C2B8F673F00310F6D /* ViewController.swift in Sources */,
				A4773A682B8F673F00310F6D /* AppDelegate.swift in Sources */,
				A4773A8A2B8F736F00310F6D /* FavoriteViewModel.swift in Sources */,
				A4773A6A2B8F673F00310F6D /* SceneDelegate.swift in Sources */,
			);
			runOnlyForDeploymentPostprocessing = 0;
		};
/* End PBXSourcesBuildPhase section */

/* Begin PBXVariantGroup section */
		A4773A6D2B8F673F00310F6D /* Main.storyboard */ = {
			isa = PBXVariantGroup;
			children = (
				A4773A6E2B8F673F00310F6D /* Base */,
			);
			name = Main.storyboard;
			sourceTree = "<group>";
		};
		A4773A722B8F674900310F6D /* LaunchScreen.storyboard */ = {
			isa = PBXVariantGroup;
			children = (
				A4773A732B8F674900310F6D /* Base */,
			);
			name = LaunchScreen.storyboard;
			sourceTree = "<group>";
		};
/* End PBXVariantGroup section */

/* Begin XCBuildConfiguration section */
		A4773A762B8F674900310F6D /* Debug */ = {
			isa = XCBuildConfiguration;
			buildSettings = {
				ALWAYS_SEARCH_USER_PATHS = NO;
				ASSETCATALOG_COMPILER_GENERATE_SWIFT_ASSET_SYMBOL_EXTENSIONS = YES;
				CLANG_ANALYZER_NONNULL = YES;
				CLANG_ANALYZER_NUMBER_OBJECT_CONVERSION = YES_AGGRESSIVE;
				CLANG_CXX_LANGUAGE_STANDARD = "gnu++20";
				CLANG_ENABLE_MODULES = YES;
				CLANG_ENABLE_OBJC_ARC = YES;
				CLANG_ENABLE_OBJC_WEAK = YES;
				CLANG_WARN_BLOCK_CAPTURE_AUTORELEASING = YES;
				CLANG_WARN_BOOL_CONVERSION = YES;
				CLANG_WARN_COMMA = YES;
				CLANG_WARN_CONSTANT_CONVERSION = YES;
				CLANG_WARN_DEPRECATED_OBJC_IMPLEMENTATIONS = YES;
				CLANG_WARN_DIRECT_OBJC_ISA_USAGE = YES_ERROR;
				CLANG_WARN_DOCUMENTATION_COMMENTS = YES;
				CLANG_WARN_EMPTY_BODY = YES;
				CLANG_WARN_ENUM_CONVERSION = YES;
				CLANG_WARN_INFINITE_RECURSION = YES;
				CLANG_WARN_INT_CONVERSION = YES;
				CLANG_WARN_NON_LITERAL_NULL_CONVERSION = YES;
				CLANG_WARN_OBJC_IMPLICIT_RETAIN_SELF = YES;
				CLANG_WARN_OBJC_LITERAL_CONVERSION = YES;
				CLANG_WARN_OBJC_ROOT_CLASS = YES_ERROR;
				CLANG_WARN_QUOTED_INCLUDE_IN_FRAMEWORK_HEADER = YES;
				CLANG_WARN_RANGE_LOOP_ANALYSIS = YES;
				CLANG_WARN_STRICT_PROTOTYPES = YES;
				CLANG_WARN_SUSPICIOUS_MOVE = YES;
				CLANG_WARN_UNGUARDED_AVAILABILITY = YES_AGGRESSIVE;
				CLANG_WARN_UNREACHABLE_CODE = YES;
				CLANG_WARN__DUPLICATE_METHOD_MATCH = YES;
				COPY_PHASE_STRIP = NO;
				DEBUG_INFORMATION_FORMAT = dwarf;
				ENABLE_STRICT_OBJC_MSGSEND = YES;
				ENABLE_TESTABILITY = YES;
				ENABLE_USER_SCRIPT_SANDBOXING = YES;
				GCC_C_LANGUAGE_STANDARD = gnu17;
				GCC_DYNAMIC_NO_PIC = NO;
				GCC_NO_COMMON_BLOCKS = YES;
				GCC_OPTIMIZATION_LEVEL = 0;
				GCC_PREPROCESSOR_DEFINITIONS = (
					"DEBUG=1",
					"$(inherited)",
				);
				GCC_WARN_64_TO_32_BIT_CONVERSION = YES;
				GCC_WARN_ABOUT_RETURN_TYPE = YES_ERROR;
				GCC_WARN_UNDECLARED_SELECTOR = YES;
				GCC_WARN_UNINITIALIZED_AUTOS = YES_AGGRESSIVE;
				GCC_WARN_UNUSED_FUNCTION = YES;
				GCC_WARN_UNUSED_VARIABLE = YES;
				IPHONEOS_DEPLOYMENT_TARGET = 17.0;
				LOCALIZATION_PREFERS_STRING_CATALOGS = YES;
				MTL_ENABLE_DEBUG_INFO = INCLUDE_SOURCE;
				MTL_FAST_MATH = YES;
				ONLY_ACTIVE_ARCH = YES;
				SDKROOT = iphoneos;
				SWIFT_ACTIVE_COMPILATION_CONDITIONS = "DEBUG $(inherited)";
				SWIFT_OPTIMIZATION_LEVEL = "-Onone";
			};
			name = Debug;
		};
		A4773A772B8F674900310F6D /* Release */ = {
			isa = XCBuildConfiguration;
			buildSettings = {
				ALWAYS_SEARCH_USER_PATHS = NO;
				ASSETCATALOG_COMPILER_GENERATE_SWIFT_ASSET_SYMBOL_EXTENSIONS = YES;
				CLANG_ANALYZER_NONNULL = YES;
				CLANG_ANALYZER_NUMBER_OBJECT_CONVERSION = YES_AGGRESSIVE;
				CLANG_CXX_LANGUAGE_STANDARD = "gnu++20";
				CLANG_ENABLE_MODULES = YES;
				CLANG_ENABLE_OBJC_ARC = YES;
				CLANG_ENABLE_OBJC_WEAK = YES;
				CLANG_WARN_BLOCK_CAPTURE_AUTORELEASING = YES;
				CLANG_WARN_BOOL_CONVERSION = YES;
				CLANG_WARN_COMMA = YES;
				CLANG_WARN_CONSTANT_CONVERSION = YES;
				CLANG_WARN_DEPRECATED_OBJC_IMPLEMENTATIONS = YES;
				CLANG_WARN_DIRECT_OBJC_ISA_USAGE = YES_ERROR;
				CLANG_WARN_DOCUMENTATION_COMMENTS = YES;
				CLANG_WARN_EMPTY_BODY = YES;
				CLANG_WARN_ENUM_CONVERSION = YES;
				CLANG_WARN_INFINITE_RECURSION = YES;
				CLANG_WARN_INT_CONVERSION = YES;
				CLANG_WARN_NON_LITERAL_NULL_CONVERSION = YES;
				CLANG_WARN_OBJC_IMPLICIT_RETAIN_SELF = YES;
				CLANG_WARN_OBJC_LITERAL_CONVERSION = YES;
				CLANG_WARN_OBJC_ROOT_CLASS = YES_ERROR;
				CLANG_WARN_QUOTED_INCLUDE_IN_FRAMEWORK_HEADER = YES;
				CLANG_WARN_RANGE_LOOP_ANALYSIS = YES;
				CLANG_WARN_STRICT_PROTOTYPES = YES;
				CLANG_WARN_SUSPICIOUS_MOVE = YES;
				CLANG_WARN_UNGUARDED_AVAILABILITY = YES_AGGRESSIVE;
				CLANG_WARN_UNREACHABLE_CODE = YES;
				CLANG_WARN__DUPLICATE_METHOD_MATCH = YES;
				COPY_PHASE_STRIP = NO;
				DEBUG_INFORMATION_FORMAT = "dwarf-with-dsym";
				ENABLE_NS_ASSERTIONS = NO;
				ENABLE_STRICT_OBJC_MSGSEND = YES;
				ENABLE_USER_SCRIPT_SANDBOXING = YES;
				GCC_C_LANGUAGE_STANDARD = gnu17;
				GCC_NO_COMMON_BLOCKS = YES;
				GCC_WARN_64_TO_32_BIT_CONVERSION = YES;
				GCC_WARN_ABOUT_RETURN_TYPE = YES_ERROR;
				GCC_WARN_UNDECLARED_SELECTOR = YES;
				GCC_WARN_UNINITIALIZED_AUTOS = YES_AGGRESSIVE;
				GCC_WARN_UNUSED_FUNCTION = YES;
				GCC_WARN_UNUSED_VARIABLE = YES;
				IPHONEOS_DEPLOYMENT_TARGET = 17.0;
				LOCALIZATION_PREFERS_STRING_CATALOGS = YES;
				MTL_ENABLE_DEBUG_INFO = NO;
				MTL_FAST_MATH = YES;
				SDKROOT = iphoneos;
				SWIFT_COMPILATION_MODE = wholemodule;
				VALIDATE_PRODUCT = YES;
			};
			name = Release;
		};
		A4773A792B8F674900310F6D /* Debug */ = {
			isa = XCBuildConfiguration;
			buildSettings = {
				ASSETCATALOG_COMPILER_APPICON_NAME = AppIcon;
				ASSETCATALOG_COMPILER_GLOBAL_ACCENT_COLOR_NAME = AccentColor;
				CODE_SIGN_STYLE = Automatic;
				CURRENT_PROJECT_VERSION = 1;
				DEVELOPMENT_TEAM = DZ72YP2SQU;
				GENERATE_INFOPLIST_FILE = YES;
				INFOPLIST_FILE = MovieApp/Info.plist;
				INFOPLIST_KEY_UIApplicationSupportsIndirectInputEvents = YES;
				INFOPLIST_KEY_UILaunchStoryboardName = LaunchScreen;
				INFOPLIST_KEY_UIMainStoryboardFile = Main;
				INFOPLIST_KEY_UISupportedInterfaceOrientations_iPad = "UIInterfaceOrientationPortrait UIInterfaceOrientationPortraitUpsideDown UIInterfaceOrientationLandscapeLeft UIInterfaceOrientationLandscapeRight";
				INFOPLIST_KEY_UISupportedInterfaceOrientations_iPhone = "UIInterfaceOrientationPortrait UIInterfaceOrientationLandscapeLeft UIInterfaceOrientationLandscapeRight";
				LD_RUNPATH_SEARCH_PATHS = (
					"$(inherited)",
					"@executable_path/Frameworks",
				);
				MARKETING_VERSION = 1.0;
				PRODUCT_BUNDLE_IDENTIFIER = test1.com.atl.MovieApp;
				PRODUCT_NAME = "$(TARGET_NAME)";
				SWIFT_EMIT_LOC_STRINGS = YES;
				SWIFT_VERSION = 5.0;
				TARGETED_DEVICE_FAMILY = "1,2";
			};
			name = Debug;
		};
		A4773A7A2B8F674900310F6D /* Release */ = {
			isa = XCBuildConfiguration;
			buildSettings = {
				ASSETCATALOG_COMPILER_APPICON_NAME = AppIcon;
				ASSETCATALOG_COMPILER_GLOBAL_ACCENT_COLOR_NAME = AccentColor;
				CODE_SIGN_STYLE = Automatic;
				CURRENT_PROJECT_VERSION = 1;
				DEVELOPMENT_TEAM = DZ72YP2SQU;
				GENERATE_INFOPLIST_FILE = YES;
				INFOPLIST_FILE = MovieApp/Info.plist;
				INFOPLIST_KEY_UIApplicationSupportsIndirectInputEvents = YES;
				INFOPLIST_KEY_UILaunchStoryboardName = LaunchScreen;
				INFOPLIST_KEY_UIMainStoryboardFile = Main;
				INFOPLIST_KEY_UISupportedInterfaceOrientations_iPad = "UIInterfaceOrientationPortrait UIInterfaceOrientationPortraitUpsideDown UIInterfaceOrientationLandscapeLeft UIInterfaceOrientationLandscapeRight";
				INFOPLIST_KEY_UISupportedInterfaceOrientations_iPhone = "UIInterfaceOrientationPortrait UIInterfaceOrientationLandscapeLeft UIInterfaceOrientationLandscapeRight";
				LD_RUNPATH_SEARCH_PATHS = (
					"$(inherited)",
					"@executable_path/Frameworks",
				);
				MARKETING_VERSION = 1.0;
				PRODUCT_BUNDLE_IDENTIFIER = test1.com.atl.MovieApp;
				PRODUCT_NAME = "$(TARGET_NAME)";
				SWIFT_EMIT_LOC_STRINGS = YES;
				SWIFT_VERSION = 5.0;
				TARGETED_DEVICE_FAMILY = "1,2";
			};
			name = Release;
		};
/* End XCBuildConfiguration section */

/* Begin XCConfigurationList section */
		A4773A5F2B8F673F00310F6D /* Build configuration list for PBXProject "MovieApp" */ = {
			isa = XCConfigurationList;
			buildConfigurations = (
				A4773A762B8F674900310F6D /* Debug */,
				A4773A772B8F674900310F6D /* Release */,
			);
			defaultConfigurationIsVisible = 0;
			defaultConfigurationName = Release;
		};
		A4773A782B8F674900310F6D /* Build configuration list for PBXNativeTarget "MovieApp" */ = {
			isa = XCConfigurationList;
			buildConfigurations = (
				A4773A792B8F674900310F6D /* Debug */,
				A4773A7A2B8F674900310F6D /* Release */,
			);
			defaultConfigurationIsVisible = 0;
			defaultConfigurationName = Release;
		};
/* End XCConfigurationList section */
	};
	rootObject = A4773A5C2B8F673F00310F6D /* Project object */;
}
